// !$*UTF8*$!
{
	archiveVersion = 1;
	classes = {
	};
	objectVersion = 77;
	objects = {

/* Begin PBXContainerItemProxy section */
		AB9292122E64220B00DBA908 /* PBXContainerItemProxy */ = {
			isa = PBXContainerItemProxy;
			containerPortal = ABFC67642E3F79F4009124B4 /* Project object */;
			proxyType = 1;
			remoteGlobalIDString = AB9291FB2E64220900DBA908;
			remoteInfo = HelloObjectiveC;
		};
		AB92921C2E64220B00DBA908 /* PBXContainerItemProxy */ = {
			isa = PBXContainerItemProxy;
			containerPortal = ABFC67642E3F79F4009124B4 /* Project object */;
			proxyType = 1;
			remoteGlobalIDString = AB9291FB2E64220900DBA908;
			remoteInfo = HelloObjectiveC;
		};
		ABFC677A2E3F79F6009124B4 /* PBXContainerItemProxy */ = {
			isa = PBXContainerItemProxy;
			containerPortal = ABFC67642E3F79F4009124B4 /* Project object */;
			proxyType = 1;
			remoteGlobalIDString = ABFC676B2E3F79F4009124B4;
			remoteInfo = Hello;
		};
		ABFC67842E3F79F6009124B4 /* PBXContainerItemProxy */ = {
			isa = PBXContainerItemProxy;
			containerPortal = ABFC67642E3F79F4009124B4 /* Project object */;
			proxyType = 1;
			remoteGlobalIDString = ABFC676B2E3F79F4009124B4;
			remoteInfo = Hello;
		};
/* End PBXContainerItemProxy section */

/* Begin PBXFileReference section */
		AB9291FC2E64220900DBA908 /* HelloObjectiveC.app */ = {isa = PBXFileReference; explicitFileType = wrapper.application; includeInIndex = 0; path = HelloObjectiveC.app; sourceTree = BUILT_PRODUCTS_DIR; };
		AB9292112E64220B00DBA908 /* HelloObjectiveCTests.xctest */ = {isa = PBXFileReference; explicitFileType = wrapper.cfbundle; includeInIndex = 0; path = HelloObjectiveCTests.xctest; sourceTree = BUILT_PRODUCTS_DIR; };
		AB92921B2E64220B00DBA908 /* HelloObjectiveCUITests.xctest */ = {isa = PBXFileReference; explicitFileType = wrapper.cfbundle; includeInIndex = 0; path = HelloObjectiveCUITests.xctest; sourceTree = BUILT_PRODUCTS_DIR; };
		ABFC676C2E3F79F4009124B4 /* Hello.app */ = {isa = PBXFileReference; explicitFileType = wrapper.application; includeInIndex = 0; path = Hello.app; sourceTree = BUILT_PRODUCTS_DIR; };
		ABFC67792E3F79F6009124B4 /* HelloTests.xctest */ = {isa = PBXFileReference; explicitFileType = wrapper.cfbundle; includeInIndex = 0; path = HelloTests.xctest; sourceTree = BUILT_PRODUCTS_DIR; };
		ABFC67832E3F79F6009124B4 /* HelloUITests.xctest */ = {isa = PBXFileReference; explicitFileType = wrapper.cfbundle; includeInIndex = 0; path = HelloUITests.xctest; sourceTree = BUILT_PRODUCTS_DIR; };
/* End PBXFileReference section */

/* Begin PBXFileSystemSynchronizedBuildFileExceptionSet section */
		AB9292232E64220B00DBA908 /* Exceptions for "HelloObjectiveC" folder in "HelloObjectiveC" target */ = {
			isa = PBXFileSystemSynchronizedBuildFileExceptionSet;
			membershipExceptions = (
				Info.plist,
			);
			target = AB9291FB2E64220900DBA908 /* HelloObjectiveC */;
		};
/* End PBXFileSystemSynchronizedBuildFileExceptionSet section */

/* Begin PBXFileSystemSynchronizedRootGroup section */
		AB9291FD2E64220900DBA908 /* HelloObjectiveC */ = {
			isa = PBXFileSystemSynchronizedRootGroup;
			exceptions = (
				AB9292232E64220B00DBA908 /* Exceptions for "HelloObjectiveC" folder in "HelloObjectiveC" target */,
			);
			path = HelloObjectiveC;
			sourceTree = "<group>";
		};
		AB9292142E64220B00DBA908 /* HelloObjectiveCTests */ = {
			isa = PBXFileSystemSynchronizedRootGroup;
			path = HelloObjectiveCTests;
			sourceTree = "<group>";
		};
		AB92921E2E64220B00DBA908 /* HelloObjectiveCUITests */ = {
			isa = PBXFileSystemSynchronizedRootGroup;
			path = HelloObjectiveCUITests;
			sourceTree = "<group>";
		};
		ABFC676E2E3F79F4009124B4 /* Hello */ = {
			isa = PBXFileSystemSynchronizedRootGroup;
			path = Hello;
			sourceTree = "<group>";
		};
		ABFC677C2E3F79F6009124B4 /* HelloTests */ = {
			isa = PBXFileSystemSynchronizedRootGroup;
			path = HelloTests;
			sourceTree = "<group>";
		};
		ABFC67862E3F79F6009124B4 /* HelloUITests */ = {
			isa = PBXFileSystemSynchronizedRootGroup;
			path = HelloUITests;
			sourceTree = "<group>";
		};
/* End PBXFileSystemSynchronizedRootGroup section */

/* Begin PBXFrameworksBuildPhase section */
		AB9291F92E64220900DBA908 /* Frameworks */ = {
			isa = PBXFrameworksBuildPhase;
			buildActionMask = 2147483647;
			files = (
			);
			runOnlyForDeploymentPostprocessing = 0;
		};
		AB92920E2E64220B00DBA908 /* Frameworks */ = {
			isa = PBXFrameworksBuildPhase;
			buildActionMask = 2147483647;
			files = (
			);
			runOnlyForDeploymentPostprocessing = 0;
		};
		AB9292182E64220B00DBA908 /* Frameworks */ = {
			isa = PBXFrameworksBuildPhase;
			buildActionMask = 2147483647;
			files = (
			);
			runOnlyForDeploymentPostprocessing = 0;
		};
		ABFC67692E3F79F4009124B4 /* Frameworks */ = {
			isa = PBXFrameworksBuildPhase;
			buildActionMask = 2147483647;
			files = (
			);
			runOnlyForDeploymentPostprocessing = 0;
		};
		ABFC67762E3F79F6009124B4 /* Frameworks */ = {
			isa = PBXFrameworksBuildPhase;
			buildActionMask = 2147483647;
			files = (
			);
			runOnlyForDeploymentPostprocessing = 0;
		};
		ABFC67802E3F79F6009124B4 /* Frameworks */ = {
			isa = PBXFrameworksBuildPhase;
			buildActionMask = 2147483647;
			files = (
			);
			runOnlyForDeploymentPostprocessing = 0;
		};
/* End PBXFrameworksBuildPhase section */

/* Begin PBXGroup section */
		ABFC67632E3F79F4009124B4 = {
			isa = PBXGroup;
			children = (
				ABFC676E2E3F79F4009124B4 /* Hello */,
				ABFC677C2E3F79F6009124B4 /* HelloTests */,
				ABFC67862E3F79F6009124B4 /* HelloUITests */,
				AB9291FD2E64220900DBA908 /* HelloObjectiveC */,
				AB9292142E64220B00DBA908 /* HelloObjectiveCTests */,
				AB92921E2E64220B00DBA908 /* HelloObjectiveCUITests */,
				ABFC676D2E3F79F4009124B4 /* Products */,
			);
			sourceTree = "<group>";
		};
		ABFC676D2E3F79F4009124B4 /* Products */ = {
			isa = PBXGroup;
			children = (
				ABFC676C2E3F79F4009124B4 /* Hello.app */,
				ABFC67792E3F79F6009124B4 /* HelloTests.xctest */,
				ABFC67832E3F79F6009124B4 /* HelloUITests.xctest */,
				AB9291FC2E64220900DBA908 /* HelloObjectiveC.app */,
				AB9292112E64220B00DBA908 /* HelloObjectiveCTests.xctest */,
				AB92921B2E64220B00DBA908 /* HelloObjectiveCUITests.xctest */,
			);
			name = Products;
			sourceTree = "<group>";
		};
/* End PBXGroup section */

/* Begin PBXNativeTarget section */
		AB9291FB2E64220900DBA908 /* HelloObjectiveC */ = {
			isa = PBXNativeTarget;
			buildConfigurationList = AB9292242E64220B00DBA908 /* Build configuration list for PBXNativeTarget "HelloObjectiveC" */;
			buildPhases = (
				AB9291F82E64220900DBA908 /* Sources */,
				AB9291F92E64220900DBA908 /* Frameworks */,
				AB9291FA2E64220900DBA908 /* Resources */,
			);
			buildRules = (
			);
			dependencies = (
			);
			fileSystemSynchronizedGroups = (
				AB9291FD2E64220900DBA908 /* HelloObjectiveC */,
			);
			name = HelloObjectiveC;
			packageProductDependencies = (
			);
			productName = HelloObjectiveC;
			productReference = AB9291FC2E64220900DBA908 /* HelloObjectiveC.app */;
			productType = "com.apple.product-type.application";
		};
		AB9292102E64220B00DBA908 /* HelloObjectiveCTests */ = {
			isa = PBXNativeTarget;
			buildConfigurationList = AB9292272E64220B00DBA908 /* Build configuration list for PBXNativeTarget "HelloObjectiveCTests" */;
			buildPhases = (
				AB92920D2E64220B00DBA908 /* Sources */,
				AB92920E2E64220B00DBA908 /* Frameworks */,
				AB92920F2E64220B00DBA908 /* Resources */,
			);
			buildRules = (
			);
			dependencies = (
				AB9292132E64220B00DBA908 /* PBXTargetDependency */,
			);
			fileSystemSynchronizedGroups = (
				AB9292142E64220B00DBA908 /* HelloObjectiveCTests */,
			);
			name = HelloObjectiveCTests;
			packageProductDependencies = (
			);
			productName = HelloObjectiveCTests;
			productReference = AB9292112E64220B00DBA908 /* HelloObjectiveCTests.xctest */;
			productType = "com.apple.product-type.bundle.unit-test";
		};
		AB92921A2E64220B00DBA908 /* HelloObjectiveCUITests */ = {
			isa = PBXNativeTarget;
			buildConfigurationList = AB92922A2E64220B00DBA908 /* Build configuration list for PBXNativeTarget "HelloObjectiveCUITests" */;
			buildPhases = (
				AB9292172E64220B00DBA908 /* Sources */,
				AB9292182E64220B00DBA908 /* Frameworks */,
				AB9292192E64220B00DBA908 /* Resources */,
			);
			buildRules = (
			);
			dependencies = (
				AB92921D2E64220B00DBA908 /* PBXTargetDependency */,
			);
			fileSystemSynchronizedGroups = (
				AB92921E2E64220B00DBA908 /* HelloObjectiveCUITests */,
			);
			name = HelloObjectiveCUITests;
			packageProductDependencies = (
			);
			productName = HelloObjectiveCUITests;
			productReference = AB92921B2E64220B00DBA908 /* HelloObjectiveCUITests.xctest */;
			productType = "com.apple.product-type.bundle.ui-testing";
		};
		ABFC676B2E3F79F4009124B4 /* Hello */ = {
			isa = PBXNativeTarget;
			buildConfigurationList = ABFC678D2E3F79F6009124B4 /* Build configuration list for PBXNativeTarget "Hello" */;
			buildPhases = (
				ABFC67682E3F79F4009124B4 /* Sources */,
				ABFC67692E3F79F4009124B4 /* Frameworks */,
				ABFC676A2E3F79F4009124B4 /* Resources */,
			);
			buildRules = (
			);
			dependencies = (
			);
			fileSystemSynchronizedGroups = (
				ABFC676E2E3F79F4009124B4 /* Hello */,
			);
			name = Hello;
			packageProductDependencies = (
			);
			productName = Hello;
			productReference = ABFC676C2E3F79F4009124B4 /* Hello.app */;
			productType = "com.apple.product-type.application";
		};
		ABFC67782E3F79F6009124B4 /* HelloTests */ = {
			isa = PBXNativeTarget;
			buildConfigurationList = ABFC67902E3F79F6009124B4 /* Build configuration list for PBXNativeTarget "HelloTests" */;
			buildPhases = (
				ABFC67752E3F79F6009124B4 /* Sources */,
				ABFC67762E3F79F6009124B4 /* Frameworks */,
				ABFC67772E3F79F6009124B4 /* Resources */,
			);
			buildRules = (
			);
			dependencies = (
				ABFC677B2E3F79F6009124B4 /* PBXTargetDependency */,
			);
			fileSystemSynchronizedGroups = (
				ABFC677C2E3F79F6009124B4 /* HelloTests */,
			);
			name = HelloTests;
			packageProductDependencies = (
			);
			productName = HelloTests;
			productReference = ABFC67792E3F79F6009124B4 /* HelloTests.xctest */;
			productType = "com.apple.product-type.bundle.unit-test";
		};
		ABFC67822E3F79F6009124B4 /* HelloUITests */ = {
			isa = PBXNativeTarget;
			buildConfigurationList = ABFC67932E3F79F6009124B4 /* Build configuration list for PBXNativeTarget "HelloUITests" */;
			buildPhases = (
				ABFC677F2E3F79F6009124B4 /* Sources */,
				ABFC67802E3F79F6009124B4 /* Frameworks */,
				ABFC67812E3F79F6009124B4 /* Resources */,
			);
			buildRules = (
			);
			dependencies = (
				ABFC67852E3F79F6009124B4 /* PBXTargetDependency */,
			);
			fileSystemSynchronizedGroups = (
				ABFC67862E3F79F6009124B4 /* HelloUITests */,
			);
			name = HelloUITests;
			packageProductDependencies = (
			);
			productName = HelloUITests;
			productReference = ABFC67832E3F79F6009124B4 /* HelloUITests.xctest */;
			productType = "com.apple.product-type.bundle.ui-testing";
		};
/* End PBXNativeTarget section */

/* Begin PBXProject section */
		ABFC67642E3F79F4009124B4 /* Project object */ = {
			isa = PBXProject;
			attributes = {
				BuildIndependentTargetsInParallel = 1;
				LastSwiftUpdateCheck = 1640;
				LastUpgradeCheck = 1640;
				TargetAttributes = {
					AB9291FB2E64220900DBA908 = {
						CreatedOnToolsVersion = 16.4;
					};
					AB9292102E64220B00DBA908 = {
						CreatedOnToolsVersion = 16.4;
						TestTargetID = AB9291FB2E64220900DBA908;
					};
					AB92921A2E64220B00DBA908 = {
						CreatedOnToolsVersion = 16.4;
						TestTargetID = AB9291FB2E64220900DBA908;
					};
					ABFC676B2E3F79F4009124B4 = {
						CreatedOnToolsVersion = 16.4;
					};
					ABFC67782E3F79F6009124B4 = {
						CreatedOnToolsVersion = 16.4;
						TestTargetID = ABFC676B2E3F79F4009124B4;
					};
					ABFC67822E3F79F6009124B4 = {
						CreatedOnToolsVersion = 16.4;
						TestTargetID = ABFC676B2E3F79F4009124B4;
					};
				};
			};
			buildConfigurationList = ABFC67672E3F79F4009124B4 /* Build configuration list for PBXProject "Hello" */;
			developmentRegion = en;
			hasScannedForEncodings = 0;
			knownRegions = (
				en,
				Base,
			);
			mainGroup = ABFC67632E3F79F4009124B4;
			minimizedProjectReferenceProxies = 1;
			preferredProjectObjectVersion = 77;
			productRefGroup = ABFC676D2E3F79F4009124B4 /* Products */;
			projectDirPath = "";
			projectRoot = "";
			targets = (
				ABFC676B2E3F79F4009124B4 /* Hello */,
				ABFC67782E3F79F6009124B4 /* HelloTests */,
				ABFC67822E3F79F6009124B4 /* HelloUITests */,
				AB9291FB2E64220900DBA908 /* HelloObjectiveC */,
				AB9292102E64220B00DBA908 /* HelloObjectiveCTests */,
				AB92921A2E64220B00DBA908 /* HelloObjectiveCUITests */,
			);
		};
/* End PBXProject section */

/* Begin PBXResourcesBuildPhase section */
		AB9291FA2E64220900DBA908 /* Resources */ = {
			isa = PBXResourcesBuildPhase;
			buildActionMask = 2147483647;
			files = (
			);
			runOnlyForDeploymentPostprocessing = 0;
		};
		AB92920F2E64220B00DBA908 /* Resources */ = {
			isa = PBXResourcesBuildPhase;
			buildActionMask = 2147483647;
			files = (
			);
			runOnlyForDeploymentPostprocessing = 0;
		};
		AB9292192E64220B00DBA908 /* Resources */ = {
			isa = PBXResourcesBuildPhase;
			buildActionMask = 2147483647;
			files = (
			);
			runOnlyForDeploymentPostprocessing = 0;
		};
		ABFC676A2E3F79F4009124B4 /* Resources */ = {
			isa = PBXResourcesBuildPhase;
			buildActionMask = 2147483647;
			files = (
			);
			runOnlyForDeploymentPostprocessing = 0;
		};
		ABFC67772E3F79F6009124B4 /* Resources */ = {
			isa = PBXResourcesBuildPhase;
			buildActionMask = 2147483647;
			files = (
			);
			runOnlyForDeploymentPostprocessing = 0;
		};
		ABFC67812E3F79F6009124B4 /* Resources */ = {
			isa = PBXResourcesBuildPhase;
			buildActionMask = 2147483647;
			files = (
			);
			runOnlyForDeploymentPostprocessing = 0;
		};
/* End PBXResourcesBuildPhase section */

/* Begin PBXSourcesBuildPhase section */
		AB9291F82E64220900DBA908 /* Sources */ = {
			isa = PBXSourcesBuildPhase;
			buildActionMask = 2147483647;
			files = (
			);
			runOnlyForDeploymentPostprocessing = 0;
		};
		AB92920D2E64220B00DBA908 /* Sources */ = {
			isa = PBXSourcesBuildPhase;
			buildActionMask = 2147483647;
			files = (
			);
			runOnlyForDeploymentPostprocessing = 0;
		};
		AB9292172E64220B00DBA908 /* Sources */ = {
			isa = PBXSourcesBuildPhase;
			buildActionMask = 2147483647;
			files = (
			);
			runOnlyForDeploymentPostprocessing = 0;
		};
		ABFC67682E3F79F4009124B4 /* Sources */ = {
			isa = PBXSourcesBuildPhase;
			buildActionMask = 2147483647;
			files = (
			);
			runOnlyForDeploymentPostprocessing = 0;
		};
		ABFC67752E3F79F6009124B4 /* Sources */ = {
			isa = PBXSourcesBuildPhase;
			buildActionMask = 2147483647;
			files = (
			);
			runOnlyForDeploymentPostprocessing = 0;
		};
		ABFC677F2E3F79F6009124B4 /* Sources */ = {
			isa = PBXSourcesBuildPhase;
			buildActionMask = 2147483647;
			files = (
			);
			runOnlyForDeploymentPostprocessing = 0;
		};
/* End PBXSourcesBuildPhase section */

/* Begin PBXTargetDependency section */
		AB9292132E64220B00DBA908 /* PBXTargetDependency */ = {
			isa = PBXTargetDependency;
			target = AB9291FB2E64220900DBA908 /* HelloObjectiveC */;
			targetProxy = AB9292122E64220B00DBA908 /* PBXContainerItemProxy */;
		};
		AB92921D2E64220B00DBA908 /* PBXTargetDependency */ = {
			isa = PBXTargetDependency;
			target = AB9291FB2E64220900DBA908 /* HelloObjectiveC */;
			targetProxy = AB92921C2E64220B00DBA908 /* PBXContainerItemProxy */;
		};
		ABFC677B2E3F79F6009124B4 /* PBXTargetDependency */ = {
			isa = PBXTargetDependency;
			target = ABFC676B2E3F79F4009124B4 /* Hello */;
			targetProxy = ABFC677A2E3F79F6009124B4 /* PBXContainerItemProxy */;
		};
		ABFC67852E3F79F6009124B4 /* PBXTargetDependency */ = {
			isa = PBXTargetDependency;
			target = ABFC676B2E3F79F4009124B4 /* Hello */;
			targetProxy = ABFC67842E3F79F6009124B4 /* PBXContainerItemProxy */;
		};
/* End PBXTargetDependency section */

/* Begin XCBuildConfiguration section */
		AB9292252E64220B00DBA908 /* Debug */ = {
			isa = XCBuildConfiguration;
			buildSettings = {
				ASSETCATALOG_COMPILER_APPICON_NAME = AppIcon;
				ASSETCATALOG_COMPILER_GLOBAL_ACCENT_COLOR_NAME = AccentColor;
				CODE_SIGN_STYLE = Automatic;
				CURRENT_PROJECT_VERSION = 1;
				GENERATE_INFOPLIST_FILE = YES;
				INFOPLIST_FILE = HelloObjectiveC/Info.plist;
				INFOPLIST_KEY_UIApplicationSupportsIndirectInputEvents = YES;
				INFOPLIST_KEY_UILaunchStoryboardName = LaunchScreen;
				INFOPLIST_KEY_UIMainStoryboardFile = Main;
				INFOPLIST_KEY_UISupportedInterfaceOrientations_iPad = "UIInterfaceOrientationPortrait UIInterfaceOrientationPortraitUpsideDown UIInterfaceOrientationLandscapeLeft UIInterfaceOrientationLandscapeRight";
				INFOPLIST_KEY_UISupportedInterfaceOrientations_iPhone = "UIInterfaceOrientationPortrait UIInterfaceOrientationLandscapeLeft UIInterfaceOrientationLandscapeRight";
				LD_RUNPATH_SEARCH_PATHS = (
					"$(inherited)",
					"@executable_path/Frameworks",
				);
				MARKETING_VERSION = 1.0;
				PRODUCT_BUNDLE_IDENTIFIER = com.hello.HelloObjectiveC;
				PRODUCT_NAME = "$(TARGET_NAME)";
				SWIFT_EMIT_LOC_STRINGS = YES;
				SWIFT_OBJC_BRIDGING_HEADER = "HelloObjectiveC/HelloObjectiveC-Bridging-Header.h";
				SWIFT_VERSION = 5.0;
				TARGETED_DEVICE_FAMILY = "1,2";
			};
			name = Debug;
		};
		AB9292262E64220B00DBA908 /* Release */ = {
			isa = XCBuildConfiguration;
			buildSettings = {
				ASSETCATALOG_COMPILER_APPICON_NAME = AppIcon;
				ASSETCATALOG_COMPILER_GLOBAL_ACCENT_COLOR_NAME = AccentColor;
				CODE_SIGN_STYLE = Automatic;
				CURRENT_PROJECT_VERSION = 1;
				GENERATE_INFOPLIST_FILE = YES;
				INFOPLIST_FILE = HelloObjectiveC/Info.plist;
				INFOPLIST_KEY_UIApplicationSupportsIndirectInputEvents = YES;
				INFOPLIST_KEY_UILaunchStoryboardName = LaunchScreen;
				INFOPLIST_KEY_UIMainStoryboardFile = Main;
				INFOPLIST_KEY_UISupportedInterfaceOrientations_iPad = "UIInterfaceOrientationPortrait UIInterfaceOrientationPortraitUpsideDown UIInterfaceOrientationLandscapeLeft UIInterfaceOrientationLandscapeRight";
				INFOPLIST_KEY_UISupportedInterfaceOrientations_iPhone = "UIInterfaceOrientationPortrait UIInterfaceOrientationLandscapeLeft UIInterfaceOrientationLandscapeRight";
				LD_RUNPATH_SEARCH_PATHS = (
					"$(inherited)",
					"@executable_path/Frameworks",
				);
				MARKETING_VERSION = 1.0;
				PRODUCT_BUNDLE_IDENTIFIER = com.hello.HelloObjectiveC;
				PRODUCT_NAME = "$(TARGET_NAME)";
				SWIFT_EMIT_LOC_STRINGS = YES;
				SWIFT_OBJC_BRIDGING_HEADER = "HelloObjectiveC/HelloObjectiveC-Bridging-Header.h";
				SWIFT_VERSION = 5.0;
				TARGETED_DEVICE_FAMILY = "1,2";
			};
			name = Release;
		};
		AB9292282E64220B00DBA908 /* Debug */ = {
			isa = XCBuildConfiguration;
			buildSettings = {
				BUNDLE_LOADER = "$(TEST_HOST)";
				CODE_SIGN_STYLE = Automatic;
				CURRENT_PROJECT_VERSION = 1;
				GENERATE_INFOPLIST_FILE = YES;
				IPHONEOS_DEPLOYMENT_TARGET = 18.5;
				MARKETING_VERSION = 1.0;
				PRODUCT_BUNDLE_IDENTIFIER = com.hello.HelloObjectiveCTests;
				PRODUCT_NAME = "$(TARGET_NAME)";
				SWIFT_EMIT_LOC_STRINGS = NO;
				SWIFT_VERSION = 5.0;
				TARGETED_DEVICE_FAMILY = "1,2";
				TEST_HOST = "$(BUILT_PRODUCTS_DIR)/HelloObjectiveC.app/$(BUNDLE_EXECUTABLE_FOLDER_PATH)/HelloObjectiveC";
			};
			name = Debug;
		};
		AB9292292E64220B00DBA908 /* Release */ = {
			isa = XCBuildConfiguration;
			buildSettings = {
				BUNDLE_LOADER = "$(TEST_HOST)";
				CODE_SIGN_STYLE = Automatic;
				CURRENT_PROJECT_VERSION = 1;
				GENERATE_INFOPLIST_FILE = YES;
				IPHONEOS_DEPLOYMENT_TARGET = 18.5;
				MARKETING_VERSION = 1.0;
				PRODUCT_BUNDLE_IDENTIFIER = com.hello.HelloObjectiveCTests;
				PRODUCT_NAME = "$(TARGET_NAME)";
				SWIFT_EMIT_LOC_STRINGS = NO;
				SWIFT_VERSION = 5.0;
				TARGETED_DEVICE_FAMILY = "1,2";
				TEST_HOST = "$(BUILT_PRODUCTS_DIR)/HelloObjectiveC.app/$(BUNDLE_EXECUTABLE_FOLDER_PATH)/HelloObjectiveC";
			};
			name = Release;
		};
		AB92922B2E64220B00DBA908 /* Debug */ = {
			isa = XCBuildConfiguration;
			buildSettings = {
				CODE_SIGN_STYLE = Automatic;
				CURRENT_PROJECT_VERSION = 1;
				GENERATE_INFOPLIST_FILE = YES;
				MARKETING_VERSION = 1.0;
				PRODUCT_BUNDLE_IDENTIFIER = com.hello.HelloObjectiveCUITests;
				PRODUCT_NAME = "$(TARGET_NAME)";
				SWIFT_EMIT_LOC_STRINGS = NO;
				SWIFT_VERSION = 5.0;
				TARGETED_DEVICE_FAMILY = "1,2";
				TEST_TARGET_NAME = HelloObjectiveC;
			};
			name = Debug;
		};
		AB92922C2E64220B00DBA908 /* Release */ = {
			isa = XCBuildConfiguration;
			buildSettings = {
				CODE_SIGN_STYLE = Automatic;
				CURRENT_PROJECT_VERSION = 1;
				GENERATE_INFOPLIST_FILE = YES;
				MARKETING_VERSION = 1.0;
				PRODUCT_BUNDLE_IDENTIFIER = com.hello.HelloObjectiveCUITests;
				PRODUCT_NAME = "$(TARGET_NAME)";
				SWIFT_EMIT_LOC_STRINGS = NO;
				SWIFT_VERSION = 5.0;
				TARGETED_DEVICE_FAMILY = "1,2";
				TEST_TARGET_NAME = HelloObjectiveC;
			};
			name = Release;
		};
		ABFC678B2E3F79F6009124B4 /* Debug */ = {
			isa = XCBuildConfiguration;
			buildSettings = {
				ALWAYS_SEARCH_USER_PATHS = NO;
				ASSETCATALOG_COMPILER_GENERATE_SWIFT_ASSET_SYMBOL_EXTENSIONS = YES;
				CLANG_ANALYZER_NONNULL = YES;
				CLANG_ANALYZER_NUMBER_OBJECT_CONVERSION = YES_AGGRESSIVE;
				CLANG_CXX_LANGUAGE_STANDARD = "gnu++20";
				CLANG_ENABLE_MODULES = YES;
				CLANG_ENABLE_OBJC_ARC = YES;
				CLANG_ENABLE_OBJC_WEAK = YES;
				CLANG_WARN_BLOCK_CAPTURE_AUTORELEASING = YES;
				CLANG_WARN_BOOL_CONVERSION = YES;
				CLANG_WARN_COMMA = YES;
				CLANG_WARN_CONSTANT_CONVERSION = YES;
				CLANG_WARN_DEPRECATED_OBJC_IMPLEMENTATIONS = YES;
				CLANG_WARN_DIRECT_OBJC_ISA_USAGE = YES_ERROR;
				CLANG_WARN_DOCUMENTATION_COMMENTS = YES;
				CLANG_WARN_EMPTY_BODY = YES;
				CLANG_WARN_ENUM_CONVERSION = YES;
				CLANG_WARN_INFINITE_RECURSION = YES;
				CLANG_WARN_INT_CONVERSION = YES;
				CLANG_WARN_NON_LITERAL_NULL_CONVERSION = YES;
				CLANG_WARN_OBJC_IMPLICIT_RETAIN_SELF = YES;
				CLANG_WARN_OBJC_LITERAL_CONVERSION = YES;
				CLANG_WARN_OBJC_ROOT_CLASS = YES_ERROR;
				CLANG_WARN_QUOTED_INCLUDE_IN_FRAMEWORK_HEADER = YES;
				CLANG_WARN_RANGE_LOOP_ANALYSIS = YES;
				CLANG_WARN_STRICT_PROTOTYPES = YES;
				CLANG_WARN_SUSPICIOUS_MOVE = YES;
				CLANG_WARN_UNGUARDED_AVAILABILITY = YES_AGGRESSIVE;
				CLANG_WARN_UNREACHABLE_CODE = YES;
				CLANG_WARN__DUPLICATE_METHOD_MATCH = YES;
				COPY_PHASE_STRIP = NO;
				DEBUG_INFORMATION_FORMAT = dwarf;
				ENABLE_STRICT_OBJC_MSGSEND = YES;
				ENABLE_TESTABILITY = YES;
				ENABLE_USER_SCRIPT_SANDBOXING = YES;
				GCC_C_LANGUAGE_STANDARD = gnu17;
				GCC_DYNAMIC_NO_PIC = NO;
				GCC_NO_COMMON_BLOCKS = YES;
				GCC_OPTIMIZATION_LEVEL = 0;
				GCC_PREPROCESSOR_DEFINITIONS = (
					"DEBUG=1",
					"$(inherited)",
				);
				GCC_WARN_64_TO_32_BIT_CONVERSION = YES;
				GCC_WARN_ABOUT_RETURN_TYPE = YES_ERROR;
				GCC_WARN_UNDECLARED_SELECTOR = YES;
				GCC_WARN_UNINITIALIZED_AUTOS = YES_AGGRESSIVE;
				GCC_WARN_UNUSED_FUNCTION = YES;
				GCC_WARN_UNUSED_VARIABLE = YES;
				IPHONEOS_DEPLOYMENT_TARGET = 18.5;
				LOCALIZATION_PREFERS_STRING_CATALOGS = YES;
				MTL_ENABLE_DEBUG_INFO = INCLUDE_SOURCE;
				MTL_FAST_MATH = YES;
				ONLY_ACTIVE_ARCH = YES;
				SDKROOT = iphoneos;
				SWIFT_ACTIVE_COMPILATION_CONDITIONS = "DEBUG $(inherited)";
				SWIFT_OPTIMIZATION_LEVEL = "-Onone";
			};
			name = Debug;
		};
		ABFC678C2E3F79F6009124B4 /* Release */ = {
			isa = XCBuildConfiguration;
			buildSettings = {
				ALWAYS_SEARCH_USER_PATHS = NO;
				ASSETCATALOG_COMPILER_GENERATE_SWIFT_ASSET_SYMBOL_EXTENSIONS = YES;
				CLANG_ANALYZER_NONNULL = YES;
				CLANG_ANALYZER_NUMBER_OBJECT_CONVERSION = YES_AGGRESSIVE;
				CLANG_CXX_LANGUAGE_STANDARD = "gnu++20";
				CLANG_ENABLE_MODULES = YES;
				CLANG_ENABLE_OBJC_ARC = YES;
				CLANG_ENABLE_OBJC_WEAK = YES;
				CLANG_WARN_BLOCK_CAPTURE_AUTORELEASING = YES;
				CLANG_WARN_BOOL_CONVERSION = YES;
				CLANG_WARN_COMMA = YES;
				CLANG_WARN_CONSTANT_CONVERSION = YES;
				CLANG_WARN_DEPRECATED_OBJC_IMPLEMENTATIONS = YES;
				CLANG_WARN_DIRECT_OBJC_ISA_USAGE = YES_ERROR;
				CLANG_WARN_DOCUMENTATION_COMMENTS = YES;
				CLANG_WARN_EMPTY_BODY = YES;
				CLANG_WARN_ENUM_CONVERSION = YES;
				CLANG_WARN_INFINITE_RECURSION = YES;
				CLANG_WARN_INT_CONVERSION = YES;
				CLANG_WARN_NON_LITERAL_NULL_CONVERSION = YES;
				CLANG_WARN_OBJC_IMPLICIT_RETAIN_SELF = YES;
				CLANG_WARN_OBJC_LITERAL_CONVERSION = YES;
				CLANG_WARN_OBJC_ROOT_CLASS = YES_ERROR;
				CLANG_WARN_QUOTED_INCLUDE_IN_FRAMEWORK_HEADER = YES;
				CLANG_WARN_RANGE_LOOP_ANALYSIS = YES;
				CLANG_WARN_STRICT_PROTOTYPES = YES;
				CLANG_WARN_SUSPICIOUS_MOVE = YES;
				CLANG_WARN_UNGUARDED_AVAILABILITY = YES_AGGRESSIVE;
				CLANG_WARN_UNREACHABLE_CODE = YES;
				CLANG_WARN__DUPLICATE_METHOD_MATCH = YES;
				COPY_PHASE_STRIP = NO;
				DEBUG_INFORMATION_FORMAT = "dwarf-with-dsym";
				ENABLE_NS_ASSERTIONS = NO;
				ENABLE_STRICT_OBJC_MSGSEND = YES;
				ENABLE_USER_SCRIPT_SANDBOXING = YES;
				GCC_C_LANGUAGE_STANDARD = gnu17;
				GCC_NO_COMMON_BLOCKS = YES;
				GCC_WARN_64_TO_32_BIT_CONVERSION = YES;
				GCC_WARN_ABOUT_RETURN_TYPE = YES_ERROR;
				GCC_WARN_UNDECLARED_SELECTOR = YES;
				GCC_WARN_UNINITIALIZED_AUTOS = YES_AGGRESSIVE;
				GCC_WARN_UNUSED_FUNCTION = YES;
				GCC_WARN_UNUSED_VARIABLE = YES;
				IPHONEOS_DEPLOYMENT_TARGET = 18.5;
				LOCALIZATION_PREFERS_STRING_CATALOGS = YES;
				MTL_ENABLE_DEBUG_INFO = NO;
				MTL_FAST_MATH = YES;
				SDKROOT = iphoneos;
				SWIFT_COMPILATION_MODE = wholemodule;
				VALIDATE_PRODUCT = YES;
			};
			name = Release;
		};
		ABFC678E2E3F79F6009124B4 /* Debug */ = {
			isa = XCBuildConfiguration;
			buildSettings = {
				ASSETCATALOG_COMPILER_APPICON_NAME = AppIcon;
				ASSETCATALOG_COMPILER_GLOBAL_ACCENT_COLOR_NAME = AccentColor;
				CODE_SIGN_STYLE = Automatic;
				CURRENT_PROJECT_VERSION = 1;
				ENABLE_PREVIEWS = YES;
				GENERATE_INFOPLIST_FILE = YES;
				INFOPLIST_KEY_UIApplicationSceneManifest_Generation = YES;
				INFOPLIST_KEY_UIApplicationSupportsIndirectInputEvents = YES;
				INFOPLIST_KEY_UILaunchScreen_Generation = YES;
				INFOPLIST_KEY_UISupportedInterfaceOrientations_iPad = "UIInterfaceOrientationPortrait UIInterfaceOrientationPortraitUpsideDown UIInterfaceOrientationLandscapeLeft UIInterfaceOrientationLandscapeRight";
				INFOPLIST_KEY_UISupportedInterfaceOrientations_iPhone = "UIInterfaceOrientationPortrait UIInterfaceOrientationLandscapeLeft UIInterfaceOrientationLandscapeRight";
				LD_RUNPATH_SEARCH_PATHS = (
					"$(inherited)",
					"@executable_path/Frameworks",
				);
				MARKETING_VERSION = 1.0;
				PRODUCT_BUNDLE_IDENTIFIER = com.hello.Hello;
				PRODUCT_NAME = "$(TARGET_NAME)";
				SWIFT_EMIT_LOC_STRINGS = YES;
				SWIFT_VERSION = 5.0;
				TARGETED_DEVICE_FAMILY = "1,2";
			};
			name = Debug;
		};
		ABFC678F2E3F79F6009124B4 /* Release */ = {
			isa = XCBuildConfiguration;
			buildSettings = {
				ASSETCATALOG_COMPILER_APPICON_NAME = AppIcon;
				ASSETCATALOG_COMPILER_GLOBAL_ACCENT_COLOR_NAME = AccentColor;
				CODE_SIGN_STYLE = Automatic;
				CURRENT_PROJECT_VERSION = 1;
				ENABLE_PREVIEWS = YES;
				GENERATE_INFOPLIST_FILE = YES;
				INFOPLIST_KEY_UIApplicationSceneManifest_Generation = YES;
				INFOPLIST_KEY_UIApplicationSupportsIndirectInputEvents = YES;
				INFOPLIST_KEY_UILaunchScreen_Generation = YES;
				INFOPLIST_KEY_UISupportedInterfaceOrientations_iPad = "UIInterfaceOrientationPortrait UIInterfaceOrientationPortraitUpsideDown UIInterfaceOrientationLandscapeLeft UIInterfaceOrientationLandscapeRight";
				INFOPLIST_KEY_UISupportedInterfaceOrientations_iPhone = "UIInterfaceOrientationPortrait UIInterfaceOrientationLandscapeLeft UIInterfaceOrientationLandscapeRight";
				LD_RUNPATH_SEARCH_PATHS = (
					"$(inherited)",
					"@executable_path/Frameworks",
				);
				MARKETING_VERSION = 1.0;
				PRODUCT_BUNDLE_IDENTIFIER = com.hello.Hello;
				PRODUCT_NAME = "$(TARGET_NAME)";
				SWIFT_EMIT_LOC_STRINGS = YES;
				SWIFT_VERSION = 5.0;
				TARGETED_DEVICE_FAMILY = "1,2";
			};
			name = Release;
		};
		ABFC67912E3F79F6009124B4 /* Debug */ = {
			isa = XCBuildConfiguration;
			buildSettings = {
				BUNDLE_LOADER = "$(TEST_HOST)";
				CODE_SIGN_STYLE = Automatic;
				CURRENT_PROJECT_VERSION = 1;
				GENERATE_INFOPLIST_FILE = YES;
				IPHONEOS_DEPLOYMENT_TARGET = 18.5;
				MARKETING_VERSION = 1.0;
				PRODUCT_BUNDLE_IDENTIFIER = com.hello.HelloTests;
				PRODUCT_NAME = "$(TARGET_NAME)";
				SWIFT_EMIT_LOC_STRINGS = NO;
				SWIFT_VERSION = 5.0;
				TARGETED_DEVICE_FAMILY = "1,2";
				TEST_HOST = "$(BUILT_PRODUCTS_DIR)/Hello.app/$(BUNDLE_EXECUTABLE_FOLDER_PATH)/Hello";
			};
			name = Debug;
		};
		ABFC67922E3F79F6009124B4 /* Release */ = {
			isa = XCBuildConfiguration;
			buildSettings = {
				BUNDLE_LOADER = "$(TEST_HOST)";
				CODE_SIGN_STYLE = Automatic;
				CURRENT_PROJECT_VERSION = 1;
				GENERATE_INFOPLIST_FILE = YES;
				IPHONEOS_DEPLOYMENT_TARGET = 18.5;
				MARKETING_VERSION = 1.0;
				PRODUCT_BUNDLE_IDENTIFIER = com.hello.HelloTests;
				PRODUCT_NAME = "$(TARGET_NAME)";
				SWIFT_EMIT_LOC_STRINGS = NO;
				SWIFT_VERSION = 5.0;
				TARGETED_DEVICE_FAMILY = "1,2";
				TEST_HOST = "$(BUILT_PRODUCTS_DIR)/Hello.app/$(BUNDLE_EXECUTABLE_FOLDER_PATH)/Hello";
			};
			name = Release;
		};
		ABFC67942E3F79F6009124B4 /* Debug */ = {
			isa = XCBuildConfiguration;
			buildSettings = {
				CODE_SIGN_STYLE = Automatic;
				CURRENT_PROJECT_VERSION = 1;
				GENERATE_INFOPLIST_FILE = YES;
				MARKETING_VERSION = 1.0;
				PRODUCT_BUNDLE_IDENTIFIER = com.hello.HelloUITests;
				PRODUCT_NAME = "$(TARGET_NAME)";
				SWIFT_EMIT_LOC_STRINGS = NO;
				SWIFT_VERSION = 5.0;
				TARGETED_DEVICE_FAMILY = "1,2";
				TEST_TARGET_NAME = Hello;
			};
			name = Debug;
		};
		ABFC67952E3F79F6009124B4 /* Release */ = {
			isa = XCBuildConfiguration;
			buildSettings = {
				CODE_SIGN_STYLE = Automatic;
				CURRENT_PROJECT_VERSION = 1;
				GENERATE_INFOPLIST_FILE = YES;
				MARKETING_VERSION = 1.0;
				PRODUCT_BUNDLE_IDENTIFIER = com.hello.HelloUITests;
				PRODUCT_NAME = "$(TARGET_NAME)";
				SWIFT_EMIT_LOC_STRINGS = NO;
				SWIFT_VERSION = 5.0;
				TARGETED_DEVICE_FAMILY = "1,2";
				TEST_TARGET_NAME = Hello;
			};
			name = Release;
		};
/* End XCBuildConfiguration section */

/* Begin XCConfigurationList section */
		AB9292242E64220B00DBA908 /* Build configuration list for PBXNativeTarget "HelloObjectiveC" */ = {
			isa = XCConfigurationList;
			buildConfigurations = (
				AB9292252E64220B00DBA908 /* Debug */,
				AB9292262E64220B00DBA908 /* Release */,
			);
			defaultConfigurationIsVisible = 0;
			defaultConfigurationName = Release;
		};
		AB9292272E64220B00DBA908 /* Build configuration list for PBXNativeTarget "HelloObjectiveCTests" */ = {
			isa = XCConfigurationList;
			buildConfigurations = (
				AB9292282E64220B00DBA908 /* Debug */,
				AB9292292E64220B00DBA908 /* Release */,
			);
			defaultConfigurationIsVisible = 0;
			defaultConfigurationName = Release;
		};
		AB92922A2E64220B00DBA908 /* Build configuration list for PBXNativeTarget "HelloObjectiveCUITests" */ = {
			isa = XCConfigurationList;
			buildConfigurations = (
				AB92922B2E64220B00DBA908 /* Debug */,
				AB92922C2E64220B00DBA908 /* Release */,
			);
			defaultConfigurationIsVisible = 0;
			defaultConfigurationName = Release;
		};
		ABFC67672E3F79F4009124B4 /* Build configuration list for PBXProject "Hello" */ = {
			isa = XCConfigurationList;
			buildConfigurations = (
				ABFC678B2E3F79F6009124B4 /* Debug */,
				ABFC678C2E3F79F6009124B4 /* Release */,
			);
			defaultConfigurationIsVisible = 0;
			defaultConfigurationName = Release;
		};
		ABFC678D2E3F79F6009124B4 /* Build configuration list for PBXNativeTarget "Hello" */ = {
			isa = XCConfigurationList;
			buildConfigurations = (
				ABFC678E2E3F79F6009124B4 /* Debug */,
				ABFC678F2E3F79F6009124B4 /* Release */,
			);
			defaultConfigurationIsVisible = 0;
			defaultConfigurationName = Release;
		};
		ABFC67902E3F79F6009124B4 /* Build configuration list for PBXNativeTarget "HelloTests" */ = {
			isa = XCConfigurationList;
			buildConfigurations = (
				ABFC67912E3F79F6009124B4 /* Debug */,
				ABFC67922E3F79F6009124B4 /* Release */,
			);
			defaultConfigurationIsVisible = 0;
			defaultConfigurationName = Release;
		};
		ABFC67932E3F79F6009124B4 /* Build configuration list for PBXNativeTarget "HelloUITests" */ = {
			isa = XCConfigurationList;
			buildConfigurations = (
				ABFC67942E3F79F6009124B4 /* Debug */,
				ABFC67952E3F79F6009124B4 /* Release */,
			);
			defaultConfigurationIsVisible = 0;
			defaultConfigurationName = Release;
		};
/* End XCConfigurationList section */
	};
	rootObject = ABFC67642E3F79F4009124B4 /* Project object */;
}
